// !$*UTF8*$!
{
	archiveVersion = 1;
	classes = {
	};
	objectVersion = 48;
	objects = {

/* Begin PBXBuildFile section */
		24B672931FA2066300694C7A /* AppDelegate.m in Sources */ = {isa = PBXBuildFile; fileRef = 24B672921FA2066300694C7A /* AppDelegate.m */; };
		24B672961FA2066300694C7A /* ViewController.m in Sources */ = {isa = PBXBuildFile; fileRef = 24B672951FA2066300694C7A /* ViewController.m */; };
		24B672991FA2066300694C7A /* Main.storyboard in Resources */ = {isa = PBXBuildFile; fileRef = 24B672971FA2066300694C7A /* Main.storyboard */; };
		24B6729B1FA2066300694C7A /* Assets.xcassets in Resources */ = {isa = PBXBuildFile; fileRef = 24B6729A1FA2066300694C7A /* Assets.xcassets */; };
		24B6729E1FA2066300694C7A /* LaunchScreen.storyboard in Resources */ = {isa = PBXBuildFile; fileRef = 24B6729C1FA2066300694C7A /* LaunchScreen.storyboard */; };
		24B672A11FA2066300694C7A /* main.m in Sources */ = {isa = PBXBuildFile; fileRef = 24B672A01FA2066300694C7A /* main.m */; };
		24B672AB1FA2066300694C7A /* helloTests.m in Sources */ = {isa = PBXBuildFile; fileRef = 24B672AA1FA2066300694C7A /* helloTests.m */; };
		24B672B61FA2066300694C7A /* helloUITests.m in Sources */ = {isa = PBXBuildFile; fileRef = 24B672B51FA2066300694C7A /* helloUITests.m */; };
/* End PBXBuildFile section */

/* Begin PBXContainerItemProxy section */
		24B672A71FA2066300694C7A /* PBXContainerItemProxy */ = {
			isa = PBXContainerItemProxy;
			containerPortal = 24B672861FA2066300694C7A /* Project object */;
			proxyType = 1;
			remoteGlobalIDString = 24B6728D1FA2066300694C7A;
			remoteInfo = hello;
		};
		24B672B21FA2066300694C7A /* PBXContainerItemProxy */ = {
			isa = PBXContainerItemProxy;
			containerPortal = 24B672861FA2066300694C7A /* Project object */;
			proxyType = 1;
			remoteGlobalIDString = 24B6728D1FA2066300694C7A;
			remoteInfo = hello;
		};
/* End PBXContainerItemProxy section */

/* Begin PBXFileReference section */
		24B6728E1FA2066300694C7A /* hello.app */ = {isa = PBXFileReference; explicitFileType = wrapper.application; includeInIndex = 0; path = hello.app; sourceTree = BUILT_PRODUCTS_DIR; };
		24B672911FA2066300694C7A /* AppDelegate.h */ = {isa = PBXFileReference; lastKnownFileType = sourcecode.c.h; path = AppDelegate.h; sourceTree = "<group>"; };
		24B672921FA2066300694C7A /* AppDelegate.m */ = {isa = PBXFileReference; lastKnownFileType = sourcecode.c.objc; path = AppDelegate.m; sourceTree = "<group>"; };
		24B672941FA2066300694C7A /* ViewController.h */ = {isa = PBXFileReference; lastKnownFileType = sourcecode.c.h; path = ViewController.h; sourceTree = "<group>"; };
		24B672951FA2066300694C7A /* ViewController.m */ = {isa = PBXFileReference; lastKnownFileType = sourcecode.c.objc; path = ViewController.m; sourceTree = "<group>"; };
		24B672981FA2066300694C7A /* Base */ = {isa = PBXFileReference; lastKnownFileType = file.storyboard; name = Base; path = Base.lproj/Main.storyboard; sourceTree = "<group>"; };
		24B6729A1FA2066300694C7A /* Assets.xcassets */ = {isa = PBXFileReference; lastKnownFileType = folder.assetcatalog; path = Assets.xcassets; sourceTree = "<group>"; };
		24B6729D1FA2066300694C7A /* Base */ = {isa = PBXFileReference; lastKnownFileType = file.storyboard; name = Base; path = Base.lproj/LaunchScreen.storyboard; sourceTree = "<group>"; };
		24B6729F1FA2066300694C7A /* Info.plist */ = {isa = PBXFileReference; lastKnownFileType = text.plist.xml; path = Info.plist; sourceTree = "<group>"; };
		24B672A01FA2066300694C7A /* main.m */ = {isa = PBXFileReference; lastKnownFileType = sourcecode.c.objc; path = main.m; sourceTree = "<group>"; };
		24B672A61FA2066300694C7A /* helloTests.xctest */ = {isa = PBXFileReference; explicitFileType = wrapper.cfbundle; includeInIndex = 0; path = helloTests.xctest; sourceTree = BUILT_PRODUCTS_DIR; };
		24B672AA1FA2066300694C7A /* helloTests.m */ = {isa = PBXFileReference; lastKnownFileType = sourcecode.c.objc; path = helloTests.m; sourceTree = "<group>"; };
		24B672AC1FA2066300694C7A /* Info.plist */ = {isa = PBXFileReference; lastKnownFileType = text.plist.xml; path = Info.plist; sourceTree = "<group>"; };
		24B672B11FA2066300694C7A /* helloUITests.xctest */ = {isa = PBXFileReference; explicitFileType = wrapper.cfbundle; includeInIndex = 0; path = helloUITests.xctest; sourceTree = BUILT_PRODUCTS_DIR; };
		24B672B51FA2066300694C7A /* helloUITests.m */ = {isa = PBXFileReference; lastKnownFileType = sourcecode.c.objc; path = helloUITests.m; sourceTree = "<group>"; };
		24B672B71FA2066300694C7A /* Info.plist */ = {isa = PBXFileReference; lastKnownFileType = text.plist.xml; path = Info.plist; sourceTree = "<group>"; };
/* End PBXFileReference section */

/* Begin PBXFrameworksBuildPhase section */
		24B6728B1FA2066300694C7A /* Frameworks */ = {
			isa = PBXFrameworksBuildPhase;
			buildActionMask = 2147483647;
			files = (
			);
			runOnlyForDeploymentPostprocessing = 0;
		};
		24B672A31FA2066300694C7A /* Frameworks */ = {
			isa = PBXFrameworksBuildPhase;
			buildActionMask = 2147483647;
			files = (
			);
			runOnlyForDeploymentPostprocessing = 0;
		};
		24B672AE1FA2066300694C7A /* Frameworks */ = {
			isa = PBXFrameworksBuildPhase;
			buildActionMask = 2147483647;
			files = (
			);
			runOnlyForDeploymentPostprocessing = 0;
		};
/* End PBXFrameworksBuildPhase section */

/* Begin PBXGroup section */
		24B672851FA2066300694C7A = {
			isa = PBXGroup;
			children = (
				24B672901FA2066300694C7A /* hello */,
				24B672A91FA2066300694C7A /* helloTests */,
				24B672B41FA2066300694C7A /* helloUITests */,
				24B6728F1FA2066300694C7A /* Products */,
			);
			sourceTree = "<group>";
		};
		24B6728F1FA2066300694C7A /* Products */ = {
			isa = PBXGroup;
			children = (
				24B6728E1FA2066300694C7A /* hello.app */,
				24B672A61FA2066300694C7A /* helloTests.xctest */,
				24B672B11FA2066300694C7A /* helloUITests.xctest */,
			);
			name = Products;
			sourceTree = "<group>";
		};
		24B672901FA2066300694C7A /* hello */ = {
			isa = PBXGroup;
			children = (
				24B672911FA2066300694C7A /* AppDelegate.h */,
				24B672921FA2066300694C7A /* AppDelegate.m */,
				24B672941FA2066300694C7A /* ViewController.h */,
				24B672951FA2066300694C7A /* ViewController.m */,
				24B672971FA2066300694C7A /* Main.storyboard */,
				24B6729A1FA2066300694C7A /* Assets.xcassets */,
				24B6729C1FA2066300694C7A /* LaunchScreen.storyboard */,
				24B6729F1FA2066300694C7A /* Info.plist */,
				24B672A01FA2066300694C7A /* main.m */,
			);
			path = hello;
			sourceTree = "<group>";
		};
		24B672A91FA2066300694C7A /* helloTests */ = {
			isa = PBXGroup;
			children = (
				24B672AA1FA2066300694C7A /* helloTests.m */,
				24B672AC1FA2066300694C7A /* Info.plist */,
			);
			path = helloTests;
			sourceTree = "<group>";
		};
		24B672B41FA2066300694C7A /* helloUITests */ = {
			isa = PBXGroup;
			children = (
				24B672B51FA2066300694C7A /* helloUITests.m */,
				24B672B71FA2066300694C7A /* Info.plist */,
			);
			path = helloUITests;
			sourceTree = "<group>";
		};
/* End PBXGroup section */

/* Begin PBXNativeTarget section */
		24B6728D1FA2066300694C7A /* hello */ = {
			isa = PBXNativeTarget;
			buildConfigurationList = 24B672BA1FA2066300694C7A /* Build configuration list for PBXNativeTarget "hello" */;
			buildPhases = (
				24B6728A1FA2066300694C7A /* Sources */,
				24B6728B1FA2066300694C7A /* Frameworks */,
				24B6728C1FA2066300694C7A /* Resources */,
			);
			buildRules = (
			);
			dependencies = (
			);
			name = hello;
			productName = hello;
			productReference = 24B6728E1FA2066300694C7A /* hello.app */;
			productType = "com.apple.product-type.application";
		};
		24B672A51FA2066300694C7A /* helloTests */ = {
			isa = PBXNativeTarget;
			buildConfigurationList = 24B672BD1FA2066300694C7A /* Build configuration list for PBXNativeTarget "helloTests" */;
			buildPhases = (
				24B672A21FA2066300694C7A /* Sources */,
				24B672A31FA2066300694C7A /* Frameworks */,
				24B672A41FA2066300694C7A /* Resources */,
			);
			buildRules = (
			);
			dependencies = (
				24B672A81FA2066300694C7A /* PBXTargetDependency */,
			);
			name = helloTests;
			productName = helloTests;
			productReference = 24B672A61FA2066300694C7A /* helloTests.xctest */;
			productType = "com.apple.product-type.bundle.unit-test";
		};
		24B672B01FA2066300694C7A /* helloUITests */ = {
			isa = PBXNativeTarget;
			buildConfigurationList = 24B672C01FA2066300694C7A /* Build configuration list for PBXNativeTarget "helloUITests" */;
			buildPhases = (
				24B672AD1FA2066300694C7A /* Sources */,
				24B672AE1FA2066300694C7A /* Frameworks */,
				24B672AF1FA2066300694C7A /* Resources */,
			);
			buildRules = (
			);
			dependencies = (
				24B672B31FA2066300694C7A /* PBXTargetDependency */,
			);
			name = helloUITests;
			productName = helloUITests;
			productReference = 24B672B11FA2066300694C7A /* helloUITests.xctest */;
			productType = "com.apple.product-type.bundle.ui-testing";
		};
/* End PBXNativeTarget section */

/* Begin PBXProject section */
		24B672861FA2066300694C7A /* Project object */ = {
			isa = PBXProject;
			attributes = {
				LastUpgradeCheck = 0900;
				ORGANIZATIONNAME = xuyunhua;
				TargetAttributes = {
					24B6728D1FA2066300694C7A = {
						CreatedOnToolsVersion = 9.0;
						ProvisioningStyle = Automatic;
					};
					24B672A51FA2066300694C7A = {
						CreatedOnToolsVersion = 9.0;
						ProvisioningStyle = Automatic;
						TestTargetID = 24B6728D1FA2066300694C7A;
					};
					24B672B01FA2066300694C7A = {
						CreatedOnToolsVersion = 9.0;
						ProvisioningStyle = Automatic;
						TestTargetID = 24B6728D1FA2066300694C7A;
					};
				};
			};
			buildConfigurationList = 24B672891FA2066300694C7A /* Build configuration list for PBXProject "hello" */;
			compatibilityVersion = "Xcode 8.0";
			developmentRegion = en;
			hasScannedForEncodings = 0;
			knownRegions = (
				en,
				Base,
			);
			mainGroup = 24B672851FA2066300694C7A;
			productRefGroup = 24B6728F1FA2066300694C7A /* Products */;
			projectDirPath = "";
			projectRoot = "";
			targets = (
				24B6728D1FA2066300694C7A /* hello */,
				24B672A51FA2066300694C7A /* helloTests */,
				24B672B01FA2066300694C7A /* helloUITests */,
			);
		};
/* End PBXProject section */

/* Begin PBXResourcesBuildPhase section */
		24B6728C1FA2066300694C7A /* Resources */ = {
			isa = PBXResourcesBuildPhase;
			buildActionMask = 2147483647;
			files = (
				24B6729E1FA2066300694C7A /* LaunchScreen.storyboard in Resources */,
				24B6729B1FA2066300694C7A /* Assets.xcassets in Resources */,
				24B672991FA2066300694C7A /* Main.storyboard in Resources */,
			);
			runOnlyForDeploymentPostprocessing = 0;
		};
		24B672A41FA2066300694C7A /* Resources */ = {
			isa = PBXResourcesBuildPhase;
			buildActionMask = 2147483647;
			files = (
			);
			runOnlyForDeploymentPostprocessing = 0;
		};
		24B672AF1FA2066300694C7A /* Resources */ = {
			isa = PBXResourcesBuildPhase;
			buildActionMask = 2147483647;
			files = (
			);
			runOnlyForDeploymentPostprocessing = 0;
		};
/* End PBXResourcesBuildPhase section */

/* Begin PBXSourcesBuildPhase section */
		24B6728A1FA2066300694C7A /* Sources */ = {
			isa = PBXSourcesBuildPhase;
			buildActionMask = 2147483647;
			files = (
				24B672961FA2066300694C7A /* ViewController.m in Sources */,
				24B672A11FA2066300694C7A /* main.m in Sources */,
				24B672931FA2066300694C7A /* AppDelegate.m in Sources */,
			);
			runOnlyForDeploymentPostprocessing = 0;
		};
		24B672A21FA2066300694C7A /* Sources */ = {
			isa = PBXSourcesBuildPhase;
			buildActionMask = 2147483647;
			files = (
				24B672AB1FA2066300694C7A /* helloTests.m in Sources */,
			);
			runOnlyForDeploymentPostprocessing = 0;
		};
		24B672AD1FA2066300694C7A /* Sources */ = {
			isa = PBXSourcesBuildPhase;
			buildActionMask = 2147483647;
			files = (
				24B672B61FA2066300694C7A /* helloUITests.m in Sources */,
			);
			runOnlyForDeploymentPostprocessing = 0;
		};
/* End PBXSourcesBuildPhase section */

/* Begin PBXTargetDependency section */
		24B672A81FA2066300694C7A /* PBXTargetDependency */ = {
			isa = PBXTargetDependency;
			target = 24B6728D1FA2066300694C7A /* hello */;
			targetProxy = 24B672A71FA2066300694C7A /* PBXContainerItemProxy */;
		};
		24B672B31FA2066300694C7A /* PBXTargetDependency */ = {
			isa = PBXTargetDependency;
			target = 24B6728D1FA2066300694C7A /* hello */;
			targetProxy = 24B672B21FA2066300694C7A /* PBXContainerItemProxy */;
		};
/* End PBXTargetDependency section */

/* Begin PBXVariantGroup section */
		24B672971FA2066300694C7A /* Main.storyboard */ = {
			isa = PBXVariantGroup;
			children = (
				24B672981FA2066300694C7A /* Base */,
			);
			name = Main.storyboard;
			sourceTree = "<group>";
		};
		24B6729C1FA2066300694C7A /* LaunchScreen.storyboard */ = {
			isa = PBXVariantGroup;
			children = (
				24B6729D1FA2066300694C7A /* Base */,
			);
			name = LaunchScreen.storyboard;
			sourceTree = "<group>";
		};
/* End PBXVariantGroup section */

/* Begin XCBuildConfiguration section */
		24B672B81FA2066300694C7A /* Debug */ = {
			isa = XCBuildConfiguration;
			buildSettings = {
				ALWAYS_SEARCH_USER_PATHS = NO;
				CLANG_ANALYZER_NONNULL = YES;
				CLANG_ANALYZER_NUMBER_OBJECT_CONVERSION = YES_AGGRESSIVE;
				CLANG_CXX_LANGUAGE_STANDARD = "gnu++14";
				CLANG_CXX_LIBRARY = "libc++";
				CLANG_ENABLE_MODULES = YES;
				CLANG_ENABLE_OBJC_ARC = YES;
				CLANG_WARN_BLOCK_CAPTURE_AUTORELEASING = YES;
				CLANG_WARN_BOOL_CONVERSION = YES;
				CLANG_WARN_COMMA = YES;
				CLANG_WARN_CONSTANT_CONVERSION = YES;
				CLANG_WARN_DIRECT_OBJC_ISA_USAGE = YES_ERROR;
				CLANG_WARN_DOCUMENTATION_COMMENTS = YES;
				CLANG_WARN_EMPTY_BODY = YES;
				CLANG_WARN_ENUM_CONVERSION = YES;
				CLANG_WARN_INFINITE_RECURSION = YES;
				CLANG_WARN_INT_CONVERSION = YES;
				CLANG_WARN_NON_LITERAL_NULL_CONVERSION = YES;
				CLANG_WARN_OBJC_LITERAL_CONVERSION = YES;
				CLANG_WARN_OBJC_ROOT_CLASS = YES_ERROR;
				CLANG_WARN_RANGE_LOOP_ANALYSIS = YES;
				CLANG_WARN_STRICT_PROTOTYPES = YES;
				CLANG_WARN_SUSPICIOUS_MOVE = YES;
				CLANG_WARN_UNGUARDED_AVAILABILITY = YES_AGGRESSIVE;
				CLANG_WARN_UNREACHABLE_CODE = YES;
				CLANG_WARN__DUPLICATE_METHOD_MATCH = YES;
				CODE_SIGN_IDENTITY = "iPhone Developer";
				COPY_PHASE_STRIP = NO;
				DEBUG_INFORMATION_FORMAT = dwarf;
				ENABLE_STRICT_OBJC_MSGSEND = YES;
				ENABLE_TESTABILITY = YES;
				GCC_C_LANGUAGE_STANDARD = gnu11;
				GCC_DYNAMIC_NO_PIC = NO;
				GCC_NO_COMMON_BLOCKS = YES;
				GCC_OPTIMIZATION_LEVEL = 0;
				GCC_PREPROCESSOR_DEFINITIONS = (
					"DEBUG=1",
					"$(inherited)",
				);
				GCC_WARN_64_TO_32_BIT_CONVERSION = YES;
				GCC_WARN_ABOUT_RETURN_TYPE = YES_ERROR;
				GCC_WARN_UNDECLARED_SELECTOR = YES;
				GCC_WARN_UNINITIALIZED_AUTOS = YES_AGGRESSIVE;
				GCC_WARN_UNUSED_FUNCTION = YES;
				GCC_WARN_UNUSED_VARIABLE = YES;
				IPHONEOS_DEPLOYMENT_TARGET = 11.0;
				MTL_ENABLE_DEBUG_INFO = YES;
				ONLY_ACTIVE_ARCH = YES;
				SDKROOT = iphoneos;
			};
			name = Debug;
		};
		24B672B91FA2066300694C7A /* Release */ = {
			isa = XCBuildConfiguration;
			buildSettings = {
				ALWAYS_SEARCH_USER_PATHS = NO;
				CLANG_ANALYZER_NONNULL = YES;
				CLANG_ANALYZER_NUMBER_OBJECT_CONVERSION = YES_AGGRESSIVE;
				CLANG_CXX_LANGUAGE_STANDARD = "gnu++14";
				CLANG_CXX_LIBRARY = "libc++";
				CLANG_ENABLE_MODULES = YES;
				CLANG_ENABLE_OBJC_ARC = YES;
				CLANG_WARN_BLOCK_CAPTURE_AUTORELEASING = YES;
				CLANG_WARN_BOOL_CONVERSION = YES;
				CLANG_WARN_COMMA = YES;
				CLANG_WARN_CONSTANT_CONVERSION = YES;
				CLANG_WARN_DIRECT_OBJC_ISA_USAGE = YES_ERROR;
				CLANG_WARN_DOCUMENTATION_COMMENTS = YES;
				CLANG_WARN_EMPTY_BODY = YES;
				CLANG_WARN_ENUM_CONVERSION = YES;
				CLANG_WARN_INFINITE_RECURSION = YES;
				CLANG_WARN_INT_CONVERSION = YES;
				CLANG_WARN_NON_LITERAL_NULL_CONVERSION = YES;
				CLANG_WARN_OBJC_LITERAL_CONVERSION = YES;
				CLANG_WARN_OBJC_ROOT_CLASS = YES_ERROR;
				CLANG_WARN_RANGE_LOOP_ANALYSIS = YES;
				CLANG_WARN_STRICT_PROTOTYPES = YES;
				CLANG_WARN_SUSPICIOUS_MOVE = YES;
				CLANG_WARN_UNGUARDED_AVAILABILITY = YES_AGGRESSIVE;
				CLANG_WARN_UNREACHABLE_CODE = YES;
				CLANG_WARN__DUPLICATE_METHOD_MATCH = YES;
				CODE_SIGN_IDENTITY = "iPhone Developer";
				COPY_PHASE_STRIP = NO;
				DEBUG_INFORMATION_FORMAT = "dwarf-with-dsym";
				ENABLE_NS_ASSERTIONS = NO;
				ENABLE_STRICT_OBJC_MSGSEND = YES;
				GCC_C_LANGUAGE_STANDARD = gnu11;
				GCC_NO_COMMON_BLOCKS = YES;
				GCC_WARN_64_TO_32_BIT_CONVERSION = YES;
				GCC_WARN_ABOUT_RETURN_TYPE = YES_ERROR;
				GCC_WARN_UNDECLARED_SELECTOR = YES;
				GCC_WARN_UNINITIALIZED_AUTOS = YES_AGGRESSIVE;
				GCC_WARN_UNUSED_FUNCTION = YES;
				GCC_WARN_UNUSED_VARIABLE = YES;
				IPHONEOS_DEPLOYMENT_TARGET = 11.0;
				MTL_ENABLE_DEBUG_INFO = NO;
				SDKROOT = iphoneos;
				VALIDATE_PRODUCT = YES;
			};
			name = Release;
		};
		24B672BB1FA2066300694C7A /* Debug */ = {
			isa = XCBuildConfiguration;
			buildSettings = {
				ASSETCATALOG_COMPILER_APPICON_NAME = AppIcon;
				CODE_SIGN_STYLE = Automatic;
				INFOPLIST_FILE = hello/Info.plist;
				LD_RUNPATH_SEARCH_PATHS = "$(inherited) @executable_path/Frameworks";
				PRODUCT_BUNDLE_IDENTIFIER = iq.hello;
				PRODUCT_NAME = "$(TARGET_NAME)";
				TARGETED_DEVICE_FAMILY = "1,2";
			};
			name = Debug;
		};
		24B672BC1FA2066300694C7A /* Release */ = {
			isa = XCBuildConfiguration;
			buildSettings = {
				ASSETCATALOG_COMPILER_APPICON_NAME = AppIcon;
				CODE_SIGN_STYLE = Automatic;
				INFOPLIST_FILE = hello/Info.plist;
				LD_RUNPATH_SEARCH_PATHS = "$(inherited) @executable_path/Frameworks";
				PRODUCT_BUNDLE_IDENTIFIER = iq.hello;
				PRODUCT_NAME = "$(TARGET_NAME)";
				TARGETED_DEVICE_FAMILY = "1,2";
			};
			name = Release;
		};
		24B672BE1FA2066300694C7A /* Debug */ = {
			isa = XCBuildConfiguration;
			buildSettings = {
				BUNDLE_LOADER = "$(TEST_HOST)";
				CODE_SIGN_STYLE = Automatic;
				INFOPLIST_FILE = helloTests/Info.plist;
				LD_RUNPATH_SEARCH_PATHS = "$(inherited) @executable_path/Frameworks @loader_path/Frameworks";
				PRODUCT_BUNDLE_IDENTIFIER = iq.helloTests;
				PRODUCT_NAME = "$(TARGET_NAME)";
				TARGETED_DEVICE_FAMILY = "1,2";
				TEST_HOST = "$(BUILT_PRODUCTS_DIR)/hello.app/hello";
			};
			name = Debug;
		};
		24B672BF1FA2066300694C7A /* Release */ = {
			isa = XCBuildConfiguration;
			buildSettings = {
				BUNDLE_LOADER = "$(TEST_HOST)";
				CODE_SIGN_STYLE = Automatic;
				INFOPLIST_FILE = helloTests/Info.plist;
				LD_RUNPATH_SEARCH_PATHS = "$(inherited) @executable_path/Frameworks @loader_path/Frameworks";
				PRODUCT_BUNDLE_IDENTIFIER = iq.helloTests;
				PRODUCT_NAME = "$(TARGET_NAME)";
				TARGETED_DEVICE_FAMILY = "1,2";
				TEST_HOST = "$(BUILT_PRODUCTS_DIR)/hello.app/hello";
			};
			name = Release;
		};
		24B672C11FA2066300694C7A /* Debug */ = {
			isa = XCBuildConfiguration;
			buildSettings = {
				CODE_SIGN_STYLE = Automatic;
				INFOPLIST_FILE = helloUITests/Info.plist;
				LD_RUNPATH_SEARCH_PATHS = "$(inherited) @executable_path/Frameworks @loader_path/Frameworks";
				PRODUCT_BUNDLE_IDENTIFIER = iq.helloUITests;
				PRODUCT_NAME = "$(TARGET_NAME)";
				TARGETED_DEVICE_FAMILY = "1,2";
				TEST_TARGET_NAME = hello;
			};
			name = Debug;
		};
		24B672C21FA2066300694C7A /* Release */ = {
			isa = XCBuildConfiguration;
			buildSettings = {
				CODE_SIGN_STYLE = Automatic;
				INFOPLIST_FILE = helloUITests/Info.plist;
				LD_RUNPATH_SEARCH_PATHS = "$(inherited) @executable_path/Frameworks @loader_path/Frameworks";
				PRODUCT_BUNDLE_IDENTIFIER = iq.helloUITests;
				PRODUCT_NAME = "$(TARGET_NAME)";
				TARGETED_DEVICE_FAMILY = "1,2";
				TEST_TARGET_NAME = hello;
			};
			name = Release;
		};
/* End XCBuildConfiguration section */

/* Begin XCConfigurationList section */
		24B672891FA2066300694C7A /* Build configuration list for PBXProject "hello" */ = {
			isa = XCConfigurationList;
			buildConfigurations = (
				24B672B81FA2066300694C7A /* Debug */,
				24B672B91FA2066300694C7A /* Release */,
			);
			defaultConfigurationIsVisible = 0;
			defaultConfigurationName = Release;
		};
		24B672BA1FA2066300694C7A /* Build configuration list for PBXNativeTarget "hello" */ = {
			isa = XCConfigurationList;
			buildConfigurations = (
				24B672BB1FA2066300694C7A /* Debug */,
				24B672BC1FA2066300694C7A /* Release */,
			);
			defaultConfigurationIsVisible = 0;
			defaultConfigurationName = Release;
		};
		24B672BD1FA2066300694C7A /* Build configuration list for PBXNativeTarget "helloTests" */ = {
			isa = XCConfigurationList;
			buildConfigurations = (
				24B672BE1FA2066300694C7A /* Debug */,
				24B672BF1FA2066300694C7A /* Release */,
			);
			defaultConfigurationIsVisible = 0;
			defaultConfigurationName = Release;
		};
		24B672C01FA2066300694C7A /* Build configuration list for PBXNativeTarget "helloUITests" */ = {
			isa = XCConfigurationList;
			buildConfigurations = (
				24B672C11FA2066300694C7A /* Debug */,
				24B672C21FA2066300694C7A /* Release */,
			);
			defaultConfigurationIsVisible = 0;
			defaultConfigurationName = Release;
		};
/* End XCConfigurationList section */
	};
	rootObject = 24B672861FA2066300694C7A /* Project object */;
}
